PODS:
  - Alamofire (5.4.3)
  - MarqueeLabel (4.0.5)
  - ProgressHUD (2.70)
  - SDWebImage (5.11.1):
    - SDWebImage/Core (= 5.11.1)
  - SDWebImage/Core (5.11.1)

DEPENDENCIES:
  - Alamofire (~> 5.2)
  - MarqueeLabel
  - ProgressHUD
  - SDWebImage (~> 5.0)

SPEC REPOS:
  trunk:
    - Alamofire
    - MarqueeLabel
    - ProgressHUD
    - SDWebImage

SPEC CHECKSUMS:
  Alamofire: e447a2774a40c996748296fa2c55112fdbbc42f9
  MarqueeLabel: 00cc0bcd087111dca575878b3531af980559707d
  ProgressHUD: e603e8b8622c47d8818b9fb38b3cfe9d3e7ca421
  SDWebImage: a7f831e1a65eb5e285e3fb046a23fcfbf08e696d

PODFILE CHECKSUM: 2d8b6f0ab0dbba95e1b0757fd737e60088a21349

COCOAPODS: 1.10.1
